// !$*UTF8*$!
{
	archiveVersion = 1;
	classes = {
	};
	objectVersion = 46;
	objects = {

/* Begin PBXBuildFile section */
		324410BC1BEECDB400A02A10 /* AppDelegate.swift in Sources */ = {isa = PBXBuildFile; fileRef = 324410BB1BEECDB400A02A10 /* AppDelegate.swift */; };
		324410BE1BEECDB400A02A10 /* ViewController.swift in Sources */ = {isa = PBXBuildFile; fileRef = 324410BD1BEECDB400A02A10 /* ViewController.swift */; };
		324410C11BEECDB400A02A10 /* Main.storyboard in Resources */ = {isa = PBXBuildFile; fileRef = 324410BF1BEECDB400A02A10 /* Main.storyboard */; };
		324410C31BEECDB400A02A10 /* Assets.xcassets in Resources */ = {isa = PBXBuildFile; fileRef = 324410C21BEECDB400A02A10 /* Assets.xcassets */; };
		324410C61BEECDB400A02A10 /* LaunchScreen.storyboard in Resources */ = {isa = PBXBuildFile; fileRef = 324410C41BEECDB400A02A10 /* LaunchScreen.storyboard */; };
		324410D01BEECE2300A02A10 /* Bolts.framework in Frameworks */ = {isa = PBXBuildFile; fileRef = 324410CD1BEECE2300A02A10 /* Bolts.framework */; };
		324410D11BEECE2300A02A10 /* Parse.framework in Frameworks */ = {isa = PBXBuildFile; fileRef = 324410CE1BEECE2300A02A10 /* Parse.framework */; };
		324410D21BEECE2300A02A10 /* ParseUI.framework in Frameworks */ = {isa = PBXBuildFile; fileRef = 324410CF1BEECE2300A02A10 /* ParseUI.framework */; };
/* End PBXBuildFile section */

/* Begin PBXFileReference section */
		324410B81BEECDB400A02A10 /* UniTrade.app */ = {isa = PBXFileReference; explicitFileType = wrapper.application; includeInIndex = 0; path = UniTrade.app; sourceTree = BUILT_PRODUCTS_DIR; };
		324410BB1BEECDB400A02A10 /* AppDelegate.swift */ = {isa = PBXFileReference; lastKnownFileType = sourcecode.swift; path = AppDelegate.swift; sourceTree = "<group>"; };
		324410BD1BEECDB400A02A10 /* ViewController.swift */ = {isa = PBXFileReference; lastKnownFileType = sourcecode.swift; path = ViewController.swift; sourceTree = "<group>"; };
		324410C01BEECDB400A02A10 /* Base */ = {isa = PBXFileReference; lastKnownFileType = file.storyboard; name = Base; path = Base.lproj/Main.storyboard; sourceTree = "<group>"; };
		324410C21BEECDB400A02A10 /* Assets.xcassets */ = {isa = PBXFileReference; lastKnownFileType = folder.assetcatalog; path = Assets.xcassets; sourceTree = "<group>"; };
		324410C51BEECDB400A02A10 /* Base */ = {isa = PBXFileReference; lastKnownFileType = file.storyboard; name = Base; path = Base.lproj/LaunchScreen.storyboard; sourceTree = "<group>"; };
		324410C71BEECDB400A02A10 /* Info.plist */ = {isa = PBXFileReference; lastKnownFileType = text.plist.xml; path = Info.plist; sourceTree = "<group>"; };
		324410CD1BEECE2300A02A10 /* Bolts.framework */ = {isa = PBXFileReference; lastKnownFileType = wrapper.framework; path = Bolts.framework; sourceTree = "<group>"; };
		324410CE1BEECE2300A02A10 /* Parse.framework */ = {isa = PBXFileReference; lastKnownFileType = wrapper.framework; path = Parse.framework; sourceTree = "<group>"; };
		324410CF1BEECE2300A02A10 /* ParseUI.framework */ = {isa = PBXFileReference; lastKnownFileType = wrapper.framework; path = ParseUI.framework; sourceTree = "<group>"; };
/* End PBXFileReference section */

/* Begin PBXFrameworksBuildPhase section */
		324410B51BEECDB400A02A10 /* Frameworks */ = {
			isa = PBXFrameworksBuildPhase;
			buildActionMask = 2147483647;
			files = (
				324410D21BEECE2300A02A10 /* ParseUI.framework in Frameworks */,
				324410D11BEECE2300A02A10 /* Parse.framework in Frameworks */,
				324410D01BEECE2300A02A10 /* Bolts.framework in Frameworks */,
			);
			runOnlyForDeploymentPostprocessing = 0;
		};
/* End PBXFrameworksBuildPhase section */

/* Begin PBXGroup section */
		324410AF1BEECDB400A02A10 = {
			isa = PBXGroup;
			children = (
				324410BA1BEECDB400A02A10 /* UniTrade */,
				324410B91BEECDB400A02A10 /* Products */,
				324410CD1BEECE2300A02A10 /* Bolts.framework */,
				324410CE1BEECE2300A02A10 /* Parse.framework */,
				324410CF1BEECE2300A02A10 /* ParseUI.framework */,
			);
			sourceTree = "<group>";
		};
		324410B91BEECDB400A02A10 /* Products */ = {
			isa = PBXGroup;
			children = (
				324410B81BEECDB400A02A10 /* UniTrade.app */,
			);
			name = Products;
			sourceTree = "<group>";
		};
		324410BA1BEECDB400A02A10 /* UniTrade */ = {
			isa = PBXGroup;
			children = (
				324410BB1BEECDB400A02A10 /* AppDelegate.swift */,
				324410BD1BEECDB400A02A10 /* ViewController.swift */,
				324410BF1BEECDB400A02A10 /* Main.storyboard */,
				324410C21BEECDB400A02A10 /* Assets.xcassets */,
				324410C41BEECDB400A02A10 /* LaunchScreen.storyboard */,
				324410C71BEECDB400A02A10 /* Info.plist */,
			);
			path = UniTrade;
			sourceTree = "<group>";
		};
/* End PBXGroup section */

/* Begin PBXNativeTarget section */
		324410B71BEECDB400A02A10 /* UniTrade */ = {
			isa = PBXNativeTarget;
			buildConfigurationList = 324410CA1BEECDB400A02A10 /* Build configuration list for PBXNativeTarget "UniTrade" */;
			buildPhases = (
				324410B41BEECDB400A02A10 /* Sources */,
				324410B51BEECDB400A02A10 /* Frameworks */,
				324410B61BEECDB400A02A10 /* Resources */,
			);
			buildRules = (
			);
			dependencies = (
			);
			name = UniTrade;
			productName = UniTrade;
			productReference = 324410B81BEECDB400A02A10 /* UniTrade.app */;
			productType = "com.apple.product-type.application";
		};
/* End PBXNativeTarget section */

/* Begin PBXProject section */
		324410B01BEECDB400A02A10 /* Project object */ = {
			isa = PBXProject;
			attributes = {
				LastSwiftUpdateCheck = 0710;
				LastUpgradeCheck = 0710;
				ORGANIZATIONNAME = CS407;
				TargetAttributes = {
					324410B71BEECDB400A02A10 = {
						CreatedOnToolsVersion = 7.1;
					};
				};
			};
			buildConfigurationList = 324410B31BEECDB400A02A10 /* Build configuration list for PBXProject "UniTrade" */;
			compatibilityVersion = "Xcode 3.2";
			developmentRegion = English;
			hasScannedForEncodings = 0;
			knownRegions = (
				en,
				Base,
			);
			mainGroup = 324410AF1BEECDB400A02A10;
			productRefGroup = 324410B91BEECDB400A02A10 /* Products */;
			projectDirPath = "";
			projectRoot = "";
			targets = (
				324410B71BEECDB400A02A10 /* UniTrade */,
			);
		};
/* End PBXProject section */

/* Begin PBXResourcesBuildPhase section */
		324410B61BEECDB400A02A10 /* Resources */ = {
			isa = PBXResourcesBuildPhase;
			buildActionMask = 2147483647;
			files = (
				324410C61BEECDB400A02A10 /* LaunchScreen.storyboard in Resources */,
				324410C31BEECDB400A02A10 /* Assets.xcassets in Resources */,
				324410C11BEECDB400A02A10 /* Main.storyboard in Resources */,
			);
			runOnlyForDeploymentPostprocessing = 0;
		};
/* End PBXResourcesBuildPhase section */

/* Begin PBXSourcesBuildPhase section */
		324410B41BEECDB400A02A10 /* Sources */ = {
			isa = PBXSourcesBuildPhase;
			buildActionMask = 2147483647;
			files = (
				324410BE1BEECDB400A02A10 /* ViewController.swift in Sources */,
				324410BC1BEECDB400A02A10 /* AppDelegate.swift in Sources */,
			);
			runOnlyForDeploymentPostprocessing = 0;
		};
/* End PBXSourcesBuildPhase section */

/* Begin PBXVariantGroup section */
		324410BF1BEECDB400A02A10 /* Main.storyboard */ = {
			isa = PBXVariantGroup;
			children = (
				324410C01BEECDB400A02A10 /* Base */,
			);
			name = Main.storyboard;
			sourceTree = "<group>";
		};
		324410C41BEECDB400A02A10 /* LaunchScreen.storyboard */ = {
			isa = PBXVariantGroup;
			children = (
				324410C51BEECDB400A02A10 /* Base */,
			);
			name = LaunchScreen.storyboard;
			sourceTree = "<group>";
		};
/* End PBXVariantGroup section */

/* Begin XCBuildConfiguration section */
		324410C81BEECDB400A02A10 /* Debug */ = {
			isa = XCBuildConfiguration;
			buildSettings = {
				ALWAYS_SEARCH_USER_PATHS = NO;
				CLANG_CXX_LANGUAGE_STANDARD = "gnu++0x";
				CLANG_CXX_LIBRARY = "libc++";
				CLANG_ENABLE_MODULES = YES;
				CLANG_ENABLE_OBJC_ARC = YES;
				CLANG_WARN_BOOL_CONVERSION = YES;
				CLANG_WARN_CONSTANT_CONVERSION = YES;
				CLANG_WARN_DIRECT_OBJC_ISA_USAGE = YES_ERROR;
				CLANG_WARN_EMPTY_BODY = YES;
				CLANG_WARN_ENUM_CONVERSION = YES;
				CLANG_WARN_INT_CONVERSION = YES;
				CLANG_WARN_OBJC_ROOT_CLASS = YES_ERROR;
				CLANG_WARN_UNREACHABLE_CODE = YES;
				CLANG_WARN__DUPLICATE_METHOD_MATCH = YES;
				"CODE_SIGN_IDENTITY[sdk=iphoneos*]" = "iPhone Developer";
				COPY_PHASE_STRIP = NO;
				DEBUG_INFORMATION_FORMAT = dwarf;
				ENABLE_STRICT_OBJC_MSGSEND = YES;
				ENABLE_TESTABILITY = YES;
				GCC_C_LANGUAGE_STANDARD = gnu99;
				GCC_DYNAMIC_NO_PIC = NO;
				GCC_NO_COMMON_BLOCKS = YES;
				GCC_OPTIMIZATION_LEVEL = 0;
				GCC_PREPROCESSOR_DEFINITIONS = (
					"DEBUG=1",
					"$(inherited)",
				);
				GCC_WARN_64_TO_32_BIT_CONVERSION = YES;
				GCC_WARN_ABOUT_RETURN_TYPE = YES_ERROR;
				GCC_WARN_UNDECLARED_SELECTOR = YES;
				GCC_WARN_UNINITIALIZED_AUTOS = YES_AGGRESSIVE;
				GCC_WARN_UNUSED_FUNCTION = YES;
				GCC_WARN_UNUSED_VARIABLE = YES;
				IPHONEOS_DEPLOYMENT_TARGET = 9.1;
				MTL_ENABLE_DEBUG_INFO = YES;
				ONLY_ACTIVE_ARCH = YES;
				SDKROOT = iphoneos;
				SWIFT_OPTIMIZATION_LEVEL = "-Onone";
			};
			name = Debug;
		};
		324410C91BEECDB400A02A10 /* Release */ = {
			isa = XCBuildConfiguration;
			buildSettings = {
				ALWAYS_SEARCH_USER_PATHS = NO;
				CLANG_CXX_LANGUAGE_STANDARD = "gnu++0x";
				CLANG_CXX_LIBRARY = "libc++";
				CLANG_ENABLE_MODULES = YES;
				CLANG_ENABLE_OBJC_ARC = YES;
				CLANG_WARN_BOOL_CONVERSION = YES;
				CLANG_WARN_CONSTANT_CONVERSION = YES;
				CLANG_WARN_DIRECT_OBJC_ISA_USAGE = YES_ERROR;
				CLANG_WARN_EMPTY_BODY = YES;
				CLANG_WARN_ENUM_CONVERSION = YES;
				CLANG_WARN_INT_CONVERSION = YES;
				CLANG_WARN_OBJC_ROOT_CLASS = YES_ERROR;
				CLANG_WARN_UNREACHABLE_CODE = YES;
				CLANG_WARN__DUPLICATE_METHOD_MATCH = YES;
				"CODE_SIGN_IDENTITY[sdk=iphoneos*]" = "iPhone Developer";
				COPY_PHASE_STRIP = NO;
				DEBUG_INFORMATION_FORMAT = "dwarf-with-dsym";
				ENABLE_NS_ASSERTIONS = NO;
				ENABLE_STRICT_OBJC_MSGSEND = YES;
				GCC_C_LANGUAGE_STANDARD = gnu99;
				GCC_NO_COMMON_BLOCKS = YES;
				GCC_WARN_64_TO_32_BIT_CONVERSION = YES;
				GCC_WARN_ABOUT_RETURN_TYPE = YES_ERROR;
				GCC_WARN_UNDECLARED_SELECTOR = YES;
				GCC_WARN_UNINITIALIZED_AUTOS = YES_AGGRESSIVE;
				GCC_WARN_UNUSED_FUNCTION = YES;
				GCC_WARN_UNUSED_VARIABLE = YES;
				IPHONEOS_DEPLOYMENT_TARGET = 9.1;
				MTL_ENABLE_DEBUG_INFO = NO;
				SDKROOT = iphoneos;
				VALIDATE_PRODUCT = YES;
			};
			name = Release;
		};
		324410CB1BEECDB400A02A10 /* Debug */ = {
			isa = XCBuildConfiguration;
			buildSettings = {
				ASSETCATALOG_COMPILER_APPICON_NAME = AppIcon;
				FRAMEWORK_SEARCH_PATHS = (
					"$(inherited)",
					"$(PROJECT_DIR)",
				);
				INFOPLIST_FILE = UniTrade/Info.plist;
				LD_RUNPATH_SEARCH_PATHS = "$(inherited) @executable_path/Frameworks";
				PRODUCT_BUNDLE_IDENTIFIER = Ellis.UniTrade.UniTrade;
				PRODUCT_NAME = "$(TARGET_NAME)";
			};
			name = Debug;
		};
		324410CC1BEECDB400A02A10 /* Release */ = {
			isa = XCBuildConfiguration;
			buildSettings = {
				ASSETCATALOG_COMPILER_APPICON_NAME = AppIcon;
				FRAMEWORK_SEARCH_PATHS = (
					"$(inherited)",
					"$(PROJECT_DIR)",
				);
				INFOPLIST_FILE = UniTrade/Info.plist;
				LD_RUNPATH_SEARCH_PATHS = "$(inherited) @executable_path/Frameworks";
				PRODUCT_BUNDLE_IDENTIFIER = Ellis.UniTrade.UniTrade;
				PRODUCT_NAME = "$(TARGET_NAME)";
			};
			name = Release;
		};
/* End XCBuildConfiguration section */

/* Begin XCConfigurationList section */
		324410B31BEECDB400A02A10 /* Build configuration list for PBXProject "UniTrade" */ = {
			isa = XCConfigurationList;
			buildConfigurations = (
				324410C81BEECDB400A02A10 /* Debug */,
				324410C91BEECDB400A02A10 /* Release */,
			);
			defaultConfigurationIsVisible = 0;
			defaultConfigurationName = Release;
		};
		324410CA1BEECDB400A02A10 /* Build configuration list for PBXNativeTarget "UniTrade" */ = {
			isa = XCConfigurationList;
			buildConfigurations = (
				324410CB1BEECDB400A02A10 /* Debug */,
				324410CC1BEECDB400A02A10 /* Release */,
			);
			defaultConfigurationIsVisible = 0;
		};
/* End XCConfigurationList section */
	};
	rootObject = 324410B01BEECDB400A02A10 /* Project object */;
}
